// !$*UTF8*$!
{
	archiveVersion = 1;
	classes = {
	};
	objectVersion = 46;
	objects = {

/* Begin PBXBuildFile section */
		42334ABD1AB5CE6300A6BA15 /* main.m in Sources */ = {isa = PBXBuildFile; fileRef = 42334ABC1AB5CE6300A6BA15 /* main.m */; };
		42334AC01AB5CE6300A6BA15 /* AppDelegate.m in Sources */ = {isa = PBXBuildFile; fileRef = 42334ABF1AB5CE6300A6BA15 /* AppDelegate.m */; };
		42334AC31AB5CE6300A6BA15 /* ViewController.m in Sources */ = {isa = PBXBuildFile; fileRef = 42334AC21AB5CE6300A6BA15 /* ViewController.m */; };
		42334AC61AB5CE6300A6BA15 /* Main.storyboard in Resources */ = {isa = PBXBuildFile; fileRef = 42334AC41AB5CE6300A6BA15 /* Main.storyboard */; };
		42334AC81AB5CE6300A6BA15 /* Images.xcassets in Resources */ = {isa = PBXBuildFile; fileRef = 42334AC71AB5CE6300A6BA15 /* Images.xcassets */; };
		42334ACB1AB5CE6300A6BA15 /* LaunchScreen.xib in Resources */ = {isa = PBXBuildFile; fileRef = 42334AC91AB5CE6300A6BA15 /* LaunchScreen.xib */; };
		42334AD71AB5CE6300A6BA15 /* Bluetooth_testTests.m in Sources */ = {isa = PBXBuildFile; fileRef = 42334AD61AB5CE6300A6BA15 /* Bluetooth_testTests.m */; };
/* End PBXBuildFile section */

/* Begin PBXContainerItemProxy section */
		42334AD11AB5CE6300A6BA15 /* PBXContainerItemProxy */ = {
			isa = PBXContainerItemProxy;
			containerPortal = 42334AAF1AB5CE6300A6BA15 /* Project object */;
			proxyType = 1;
			remoteGlobalIDString = 42334AB61AB5CE6300A6BA15;
			remoteInfo = "Bluetooth test";
		};
/* End PBXContainerItemProxy section */

/* Begin PBXFileReference section */
		42334AB71AB5CE6300A6BA15 /* Bluetooth test.app */ = {isa = PBXFileReference; explicitFileType = wrapper.application; includeInIndex = 0; path = "Bluetooth test.app"; sourceTree = BUILT_PRODUCTS_DIR; };
		42334ABB1AB5CE6300A6BA15 /* Info.plist */ = {isa = PBXFileReference; lastKnownFileType = text.plist.xml; path = Info.plist; sourceTree = "<group>"; };
		42334ABC1AB5CE6300A6BA15 /* main.m */ = {isa = PBXFileReference; lastKnownFileType = sourcecode.c.objc; path = main.m; sourceTree = "<group>"; };
		42334ABE1AB5CE6300A6BA15 /* AppDelegate.h */ = {isa = PBXFileReference; lastKnownFileType = sourcecode.c.h; path = AppDelegate.h; sourceTree = "<group>"; };
		42334ABF1AB5CE6300A6BA15 /* AppDelegate.m */ = {isa = PBXFileReference; lastKnownFileType = sourcecode.c.objc; path = AppDelegate.m; sourceTree = "<group>"; };
		42334AC11AB5CE6300A6BA15 /* ViewController.h */ = {isa = PBXFileReference; lastKnownFileType = sourcecode.c.h; path = ViewController.h; sourceTree = "<group>"; };
		42334AC21AB5CE6300A6BA15 /* ViewController.m */ = {isa = PBXFileReference; lastKnownFileType = sourcecode.c.objc; path = ViewController.m; sourceTree = "<group>"; };
		42334AC51AB5CE6300A6BA15 /* Base */ = {isa = PBXFileReference; lastKnownFileType = file.storyboard; name = Base; path = Base.lproj/Main.storyboard; sourceTree = "<group>"; };
		42334AC71AB5CE6300A6BA15 /* Images.xcassets */ = {isa = PBXFileReference; lastKnownFileType = folder.assetcatalog; path = Images.xcassets; sourceTree = "<group>"; };
		42334ACA1AB5CE6300A6BA15 /* Base */ = {isa = PBXFileReference; lastKnownFileType = file.xib; name = Base; path = Base.lproj/LaunchScreen.xib; sourceTree = "<group>"; };
		42334AD01AB5CE6300A6BA15 /* Bluetooth testTests.xctest */ = {isa = PBXFileReference; explicitFileType = wrapper.cfbundle; includeInIndex = 0; path = "Bluetooth testTests.xctest"; sourceTree = BUILT_PRODUCTS_DIR; };
		42334AD51AB5CE6300A6BA15 /* Info.plist */ = {isa = PBXFileReference; lastKnownFileType = text.plist.xml; path = Info.plist; sourceTree = "<group>"; };
		42334AD61AB5CE6300A6BA15 /* Bluetooth_testTests.m */ = {isa = PBXFileReference; lastKnownFileType = sourcecode.c.objc; path = Bluetooth_testTests.m; sourceTree = "<group>"; };
/* End PBXFileReference section */

/* Begin PBXFrameworksBuildPhase section */
		42334AB41AB5CE6300A6BA15 /* Frameworks */ = {
			isa = PBXFrameworksBuildPhase;
			buildActionMask = 2147483647;
			files = (
			);
			runOnlyForDeploymentPostprocessing = 0;
		};
		42334ACD1AB5CE6300A6BA15 /* Frameworks */ = {
			isa = PBXFrameworksBuildPhase;
			buildActionMask = 2147483647;
			files = (
			);
			runOnlyForDeploymentPostprocessing = 0;
		};
/* End PBXFrameworksBuildPhase section */

/* Begin PBXGroup section */
		42334AAE1AB5CE6300A6BA15 = {
			isa = PBXGroup;
			children = (
				42334AB91AB5CE6300A6BA15 /* Bluetooth test */,
				42334AD31AB5CE6300A6BA15 /* Bluetooth testTests */,
				42334AB81AB5CE6300A6BA15 /* Products */,
			);
			sourceTree = "<group>";
		};
		42334AB81AB5CE6300A6BA15 /* Products */ = {
			isa = PBXGroup;
			children = (
				42334AB71AB5CE6300A6BA15 /* Bluetooth test.app */,
				42334AD01AB5CE6300A6BA15 /* Bluetooth testTests.xctest */,
			);
			name = Products;
			sourceTree = "<group>";
		};
		42334AB91AB5CE6300A6BA15 /* Bluetooth test */ = {
			isa = PBXGroup;
			children = (
				42334ABE1AB5CE6300A6BA15 /* AppDelegate.h */,
				42334ABF1AB5CE6300A6BA15 /* AppDelegate.m */,
				42334AC11AB5CE6300A6BA15 /* ViewController.h */,
				42334AC21AB5CE6300A6BA15 /* ViewController.m */,
				42334AC41AB5CE6300A6BA15 /* Main.storyboard */,
				42334AC71AB5CE6300A6BA15 /* Images.xcassets */,
				42334AC91AB5CE6300A6BA15 /* LaunchScreen.xib */,
				42334ABA1AB5CE6300A6BA15 /* Supporting Files */,
			);
			path = "Bluetooth test";
			sourceTree = "<group>";
		};
		42334ABA1AB5CE6300A6BA15 /* Supporting Files */ = {
			isa = PBXGroup;
			children = (
				42334ABB1AB5CE6300A6BA15 /* Info.plist */,
				42334ABC1AB5CE6300A6BA15 /* main.m */,
			);
			name = "Supporting Files";
			sourceTree = "<group>";
		};
		42334AD31AB5CE6300A6BA15 /* Bluetooth testTests */ = {
			isa = PBXGroup;
			children = (
				42334AD61AB5CE6300A6BA15 /* Bluetooth_testTests.m */,
				42334AD41AB5CE6300A6BA15 /* Supporting Files */,
			);
			path = "Bluetooth testTests";
			sourceTree = "<group>";
		};
		42334AD41AB5CE6300A6BA15 /* Supporting Files */ = {
			isa = PBXGroup;
			children = (
				42334AD51AB5CE6300A6BA15 /* Info.plist */,
			);
			name = "Supporting Files";
			sourceTree = "<group>";
		};
/* End PBXGroup section */

/* Begin PBXNativeTarget section */
		42334AB61AB5CE6300A6BA15 /* Bluetooth test */ = {
			isa = PBXNativeTarget;
			buildConfigurationList = 42334ADA1AB5CE6300A6BA15 /* Build configuration list for PBXNativeTarget "Bluetooth test" */;
			buildPhases = (
				42334AB31AB5CE6300A6BA15 /* Sources */,
				42334AB41AB5CE6300A6BA15 /* Frameworks */,
				42334AB51AB5CE6300A6BA15 /* Resources */,
			);
			buildRules = (
			);
			dependencies = (
			);
			name = "Bluetooth test";
			productName = "Bluetooth test";
			productReference = 42334AB71AB5CE6300A6BA15 /* Bluetooth test.app */;
			productType = "com.apple.product-type.application";
		};
		42334ACF1AB5CE6300A6BA15 /* Bluetooth testTests */ = {
			isa = PBXNativeTarget;
			buildConfigurationList = 42334ADD1AB5CE6300A6BA15 /* Build configuration list for PBXNativeTarget "Bluetooth testTests" */;
			buildPhases = (
				42334ACC1AB5CE6300A6BA15 /* Sources */,
				42334ACD1AB5CE6300A6BA15 /* Frameworks */,
				42334ACE1AB5CE6300A6BA15 /* Resources */,
			);
			buildRules = (
			);
			dependencies = (
				42334AD21AB5CE6300A6BA15 /* PBXTargetDependency */,
			);
			name = "Bluetooth testTests";
			productName = "Bluetooth testTests";
			productReference = 42334AD01AB5CE6300A6BA15 /* Bluetooth testTests.xctest */;
			productType = "com.apple.product-type.bundle.unit-test";
		};
/* End PBXNativeTarget section */

/* Begin PBXProject section */
		42334AAF1AB5CE6300A6BA15 /* Project object */ = {
			isa = PBXProject;
			attributes = {
				LastUpgradeCheck = 0610;
				ORGANIZATIONNAME = "Katia Moreira";
				TargetAttributes = {
					42334AB61AB5CE6300A6BA15 = {
						CreatedOnToolsVersion = 6.1.1;
					};
					42334ACF1AB5CE6300A6BA15 = {
						CreatedOnToolsVersion = 6.1.1;
						TestTargetID = 42334AB61AB5CE6300A6BA15;
					};
				};
			};
			buildConfigurationList = 42334AB21AB5CE6300A6BA15 /* Build configuration list for PBXProject "Bluetooth test" */;
			compatibilityVersion = "Xcode 3.2";
			developmentRegion = English;
			hasScannedForEncodings = 0;
			knownRegions = (
				en,
				Base,
			);
			mainGroup = 42334AAE1AB5CE6300A6BA15;
			productRefGroup = 42334AB81AB5CE6300A6BA15 /* Products */;
			projectDirPath = "";
			projectRoot = "";
			targets = (
				42334AB61AB5CE6300A6BA15 /* Bluetooth test */,
				42334ACF1AB5CE6300A6BA15 /* Bluetooth testTests */,
			);
		};
/* End PBXProject section */

/* Begin PBXResourcesBuildPhase section */
		42334AB51AB5CE6300A6BA15 /* Resources */ = {
			isa = PBXResourcesBuildPhase;
			buildActionMask = 2147483647;
			files = (
				42334AC61AB5CE6300A6BA15 /* Main.storyboard in Resources */,
				42334ACB1AB5CE6300A6BA15 /* LaunchScreen.xib in Resources */,
				42334AC81AB5CE6300A6BA15 /* Images.xcassets in Resources */,
			);
			runOnlyForDeploymentPostprocessing = 0;
		};
		42334ACE1AB5CE6300A6BA15 /* Resources */ = {
			isa = PBXResourcesBuildPhase;
			buildActionMask = 2147483647;
			files = (
			);
			runOnlyForDeploymentPostprocessing = 0;
		};
/* End PBXResourcesBuildPhase section */

/* Begin PBXSourcesBuildPhase section */
		42334AB31AB5CE6300A6BA15 /* Sources */ = {
			isa = PBXSourcesBuildPhase;
			buildActionMask = 2147483647;
			files = (
				42334AC31AB5CE6300A6BA15 /* ViewController.m in Sources */,
				42334AC01AB5CE6300A6BA15 /* AppDelegate.m in Sources */,
				42334ABD1AB5CE6300A6BA15 /* main.m in Sources */,
			);
			runOnlyForDeploymentPostprocessing = 0;
		};
		42334ACC1AB5CE6300A6BA15 /* Sources */ = {
			isa = PBXSourcesBuildPhase;
			buildActionMask = 2147483647;
			files = (
				42334AD71AB5CE6300A6BA15 /* Bluetooth_testTests.m in Sources */,
			);
			runOnlyForDeploymentPostprocessing = 0;
		};
/* End PBXSourcesBuildPhase section */

/* Begin PBXTargetDependency section */
		42334AD21AB5CE6300A6BA15 /* PBXTargetDependency */ = {
			isa = PBXTargetDependency;
			target = 42334AB61AB5CE6300A6BA15 /* Bluetooth test */;
			targetProxy = 42334AD11AB5CE6300A6BA15 /* PBXContainerItemProxy */;
		};
/* End PBXTargetDependency section */

/* Begin PBXVariantGroup section */
		42334AC41AB5CE6300A6BA15 /* Main.storyboard */ = {
			isa = PBXVariantGroup;
			children = (
				42334AC51AB5CE6300A6BA15 /* Base */,
			);
			name = Main.storyboard;
			sourceTree = "<group>";
		};
		42334AC91AB5CE6300A6BA15 /* LaunchScreen.xib */ = {
			isa = PBXVariantGroup;
			children = (
				42334ACA1AB5CE6300A6BA15 /* Base */,
			);
			name = LaunchScreen.xib;
			sourceTree = "<group>";
		};
/* End PBXVariantGroup section */

/* Begin XCBuildConfiguration section */
		42334AD81AB5CE6300A6BA15 /* Debug */ = {
			isa = XCBuildConfiguration;
			buildSettings = {
				ALWAYS_SEARCH_USER_PATHS = NO;
				CLANG_CXX_LANGUAGE_STANDARD = "gnu++0x";
				CLANG_CXX_LIBRARY = "libc++";
				CLANG_ENABLE_MODULES = YES;
				CLANG_ENABLE_OBJC_ARC = YES;
				CLANG_WARN_BOOL_CONVERSION = YES;
				CLANG_WARN_CONSTANT_CONVERSION = YES;
				CLANG_WARN_DIRECT_OBJC_ISA_USAGE = YES_ERROR;
				CLANG_WARN_EMPTY_BODY = YES;
				CLANG_WARN_ENUM_CONVERSION = YES;
				CLANG_WARN_INT_CONVERSION = YES;
				CLANG_WARN_OBJC_ROOT_CLASS = YES_ERROR;
				CLANG_WARN_UNREACHABLE_CODE = YES;
				CLANG_WARN__DUPLICATE_METHOD_MATCH = YES;
				"CODE_SIGN_IDENTITY[sdk=iphoneos*]" = "iPhone Developer";
				COPY_PHASE_STRIP = NO;
				ENABLE_STRICT_OBJC_MSGSEND = YES;
				GCC_C_LANGUAGE_STANDARD = gnu99;
				GCC_DYNAMIC_NO_PIC = NO;
				GCC_OPTIMIZATION_LEVEL = 0;
				GCC_PREPROCESSOR_DEFINITIONS = (
					"DEBUG=1",
					"$(inherited)",
				);
				GCC_SYMBOLS_PRIVATE_EXTERN = NO;
				GCC_WARN_64_TO_32_BIT_CONVERSION = YES;
				GCC_WARN_ABOUT_RETURN_TYPE = YES_ERROR;
				GCC_WARN_UNDECLARED_SELECTOR = YES;
				GCC_WARN_UNINITIALIZED_AUTOS = YES_AGGRESSIVE;
				GCC_WARN_UNUSED_FUNCTION = YES;
				GCC_WARN_UNUSED_VARIABLE = YES;
				IPHONEOS_DEPLOYMENT_TARGET = 8.1;
				MTL_ENABLE_DEBUG_INFO = YES;
				ONLY_ACTIVE_ARCH = YES;
				SDKROOT = iphoneos;
			};
			name = Debug;
		};
		42334AD91AB5CE6300A6BA15 /* Release */ = {
			isa = XCBuildConfiguration;
			buildSettings = {
				ALWAYS_SEARCH_USER_PATHS = NO;
				CLANG_CXX_LANGUAGE_STANDARD = "gnu++0x";
				CLANG_CXX_LIBRARY = "libc++";
				CLANG_ENABLE_MODULES = YES;
				CLANG_ENABLE_OBJC_ARC = YES;
				CLANG_WARN_BOOL_CONVERSION = YES;
				CLANG_WARN_CONSTANT_CONVERSION = YES;
				CLANG_WARN_DIRECT_OBJC_ISA_USAGE = YES_ERROR;
				CLANG_WARN_EMPTY_BODY = YES;
				CLANG_WARN_ENUM_CONVERSION = YES;
				CLANG_WARN_INT_CONVERSION = YES;
				CLANG_WARN_OBJC_ROOT_CLASS = YES_ERROR;
				CLANG_WARN_UNREACHABLE_CODE = YES;
				CLANG_WARN__DUPLICATE_METHOD_MATCH = YES;
				"CODE_SIGN_IDENTITY[sdk=iphoneos*]" = "iPhone Developer";
				COPY_PHASE_STRIP = YES;
				ENABLE_NS_ASSERTIONS = NO;
				ENABLE_STRICT_OBJC_MSGSEND = YES;
				GCC_C_LANGUAGE_STANDARD = gnu99;
				GCC_WARN_64_TO_32_BIT_CONVERSION = YES;
				GCC_WARN_ABOUT_RETURN_TYPE = YES_ERROR;
				GCC_WARN_UNDECLARED_SELECTOR = YES;
				GCC_WARN_UNINITIALIZED_AUTOS = YES_AGGRESSIVE;
				GCC_WARN_UNUSED_FUNCTION = YES;
				GCC_WARN_UNUSED_VARIABLE = YES;
				IPHONEOS_DEPLOYMENT_TARGET = 8.1;
				MTL_ENABLE_DEBUG_INFO = NO;
				SDKROOT = iphoneos;
				VALIDATE_PRODUCT = YES;
			};
			name = Release;
		};
		42334ADB1AB5CE6300A6BA15 /* Debug */ = {
			isa = XCBuildConfiguration;
			buildSettings = {
				ASSETCATALOG_COMPILER_APPICON_NAME = AppIcon;
				INFOPLIST_FILE = "Bluetooth test/Info.plist";
				LD_RUNPATH_SEARCH_PATHS = "$(inherited) @executable_path/Frameworks";
				PRODUCT_NAME = "$(TARGET_NAME)";
			};
			name = Debug;
		};
		42334ADC1AB5CE6300A6BA15 /* Release */ = {
			isa = XCBuildConfiguration;
			buildSettings = {
				ASSETCATALOG_COMPILER_APPICON_NAME = AppIcon;
				INFOPLIST_FILE = "Bluetooth test/Info.plist";
				LD_RUNPATH_SEARCH_PATHS = "$(inherited) @executable_path/Frameworks";
				PRODUCT_NAME = "$(TARGET_NAME)";
			};
			name = Release;
		};
		42334ADE1AB5CE6300A6BA15 /* Debug */ = {
			isa = XCBuildConfiguration;
			buildSettings = {
				BUNDLE_LOADER = "$(TEST_HOST)";
				FRAMEWORK_SEARCH_PATHS = (
					"$(SDKROOT)/Developer/Library/Frameworks",
					"$(inherited)",
				);
				GCC_PREPROCESSOR_DEFINITIONS = (
					"DEBUG=1",
					"$(inherited)",
				);
				INFOPLIST_FILE = "Bluetooth testTests/Info.plist";
				LD_RUNPATH_SEARCH_PATHS = "$(inherited) @executable_path/Frameworks @loader_path/Frameworks";
				PRODUCT_NAME = "$(TARGET_NAME)";
				TEST_HOST = "$(BUILT_PRODUCTS_DIR)/Bluetooth test.app/Bluetooth test";
			};
			name = Debug;
		};
		42334ADF1AB5CE6300A6BA15 /* Release */ = {
			isa = XCBuildConfiguration;
			buildSettings = {
				BUNDLE_LOADER = "$(TEST_HOST)";
				FRAMEWORK_SEARCH_PATHS = (
					"$(SDKROOT)/Developer/Library/Frameworks",
					"$(inherited)",
				);
				INFOPLIST_FILE = "Bluetooth testTests/Info.plist";
				LD_RUNPATH_SEARCH_PATHS = "$(inherited) @executable_path/Frameworks @loader_path/Frameworks";
				PRODUCT_NAME = "$(TARGET_NAME)";
				TEST_HOST = "$(BUILT_PRODUCTS_DIR)/Bluetooth test.app/Bluetooth test";
			};
			name = Release;
		};
/* End XCBuildConfiguration section */

/* Begin XCConfigurationList section */
		42334AB21AB5CE6300A6BA15 /* Build configuration list for PBXProject "Bluetooth test" */ = {
			isa = XCConfigurationList;
			buildConfigurations = (
				42334AD81AB5CE6300A6BA15 /* Debug */,
				42334AD91AB5CE6300A6BA15 /* Release */,
			);
			defaultConfigurationIsVisible = 0;
			defaultConfigurationName = Release;
		};
		42334ADA1AB5CE6300A6BA15 /* Build configuration list for PBXNativeTarget "Bluetooth test" */ = {
			isa = XCConfigurationList;
			buildConfigurations = (
				42334ADB1AB5CE6300A6BA15 /* Debug */,
				42334ADC1AB5CE6300A6BA15 /* Release */,
			);
			defaultConfigurationIsVisible = 0;
		};
		42334ADD1AB5CE6300A6BA15 /* Build configuration list for PBXNativeTarget "Bluetooth testTests" */ = {
			isa = XCConfigurationList;
			buildConfigurations = (
				42334ADE1AB5CE6300A6BA15 /* Debug */,
				42334ADF1AB5CE6300A6BA15 /* Release */,
			);
			defaultConfigurationIsVisible = 0;
		};
/* End XCConfigurationList section */
	};
	rootObject = 42334AAF1AB5CE6300A6BA15 /* Project object */;
}
